
Microsoft Visual Studio Solution File, Format Version 12.00
# Visual Studio Version 17
VisualStudioVersion = 17.8.34525.116
MinimumVisualStudioVersion = 10.0.40219.1
Project("{FAE04EC0-301F-11D3-BF4B-00C04F79EFBC}") = "WebApp_LaptopMVC", "WebApp_LaptopMVC\WebApp_LaptopMVC.csproj", "{4EC45EC0-9DBC-4138-9253-BFF4EFF345DC}"
EndProject
Global
	GlobalSection(SolutionConfigurationPlatforms) = preSolution
		Debug|Any CPU = Debug|Any CPU
		Release|Any CPU = Release|Any CPU
	EndGlobalSection
	GlobalSection(ProjectConfigurationPlatforms) = postSolution
		{4EC45EC0-9DBC-4138-9253-BFF4EFF345DC}.Debug|Any CPU.ActiveCfg = Debug|Any CPU
		{4EC45EC0-9DBC-4138-9253-BFF4EFF345DC}.Debug|Any CPU.Build.0 = Debug|Any CPU
		{4EC45EC0-9DBC-4138-9253-BFF4EFF345DC}.Release|Any CPU.ActiveCfg = Release|Any CPU
		{4EC45EC0-9DBC-4138-9253-BFF4EFF345DC}.Release|Any CPU.Build.0 = Release|Any CPU
	EndGlobalSection
	GlobalSection(SolutionProperties) = preSolution
		HideSolutionNode = FALSE
	EndGlobalSection
	GlobalSection(ExtensibilityGlobals) = postSolution
		SolutionGuid = {99351F9A-ABFA-4F65-89ED-A53775807984}
	EndGlobalSection
EndGlobal
